// !$*UTF8*$!
{
	archiveVersion = 1;
	classes = {
	};
	objectVersion = 56;
	objects = {

/* Begin PBXBuildFile section */
		4819F5DE2C1AE2D80087CA97 /* week8App.swift in Sources */ = {isa = PBXBuildFile; fileRef = 4819F5DD2C1AE2D80087CA97 /* week8App.swift */; };
		4819F5E02C1AE2D80087CA97 /* ContentView.swift in Sources */ = {isa = PBXBuildFile; fileRef = 4819F5DF2C1AE2D80087CA97 /* ContentView.swift */; };
		4819F5E22C1AE2DA0087CA97 /* Assets.xcassets in Resources */ = {isa = PBXBuildFile; fileRef = 4819F5E12C1AE2DA0087CA97 /* Assets.xcassets */; };
		4819F5E52C1AE2DA0087CA97 /* Preview Assets.xcassets in Resources */ = {isa = PBXBuildFile; fileRef = 4819F5E42C1AE2DA0087CA97 /* Preview Assets.xcassets */; };
		4819F5EF2C1AE2DA0087CA97 /* week8Tests.swift in Sources */ = {isa = PBXBuildFile; fileRef = 4819F5EE2C1AE2DA0087CA97 /* week8Tests.swift */; };
		4819F5F92C1AE2DA0087CA97 /* week8UITests.swift in Sources */ = {isa = PBXBuildFile; fileRef = 4819F5F82C1AE2DA0087CA97 /* week8UITests.swift */; };
		4819F5FB2C1AE2DA0087CA97 /* week8UITestsLaunchTests.swift in Sources */ = {isa = PBXBuildFile; fileRef = 4819F5FA2C1AE2DA0087CA97 /* week8UITestsLaunchTests.swift */; };
		4819F6082C1AE4FF0087CA97 /* UniversityEntry.swift in Sources */ = {isa = PBXBuildFile; fileRef = 4819F6072C1AE4FF0087CA97 /* UniversityEntry.swift */; };
		4819F60A2C1AE5220087CA97 /* UniversityStore.swift in Sources */ = {isa = PBXBuildFile; fileRef = 4819F6092C1AE5220087CA97 /* UniversityStore.swift */; };
		4819F60C2C1AE5560087CA97 /* UniversityEntryView.swift in Sources */ = {isa = PBXBuildFile; fileRef = 4819F60B2C1AE5560087CA97 /* UniversityEntryView.swift */; };
		4819F60E2C1AE5880087CA97 /* UniversityRow.swift in Sources */ = {isa = PBXBuildFile; fileRef = 4819F60D2C1AE5880087CA97 /* UniversityRow.swift */; };
/* End PBXBuildFile section */

/* Begin PBXContainerItemProxy section */
		4819F5EB2C1AE2DA0087CA97 /* PBXContainerItemProxy */ = {
			isa = PBXContainerItemProxy;
			containerPortal = 4819F5D22C1AE2D80087CA97 /* Project object */;
			proxyType = 1;
			remoteGlobalIDString = 4819F5D92C1AE2D80087CA97;
			remoteInfo = week8;
		};
		4819F5F52C1AE2DA0087CA97 /* PBXContainerItemProxy */ = {
			isa = PBXContainerItemProxy;
			containerPortal = 4819F5D22C1AE2D80087CA97 /* Project object */;
			proxyType = 1;
			remoteGlobalIDString = 4819F5D92C1AE2D80087CA97;
			remoteInfo = week8;
		};
/* End PBXContainerItemProxy section */

/* Begin PBXFileReference section */
		4819F5DA2C1AE2D80087CA97 /* week8.app */ = {isa = PBXFileReference; explicitFileType = wrapper.application; includeInIndex = 0; path = week8.app; sourceTree = BUILT_PRODUCTS_DIR; };
		4819F5DD2C1AE2D80087CA97 /* week8App.swift */ = {isa = PBXFileReference; lastKnownFileType = sourcecode.swift; path = week8App.swift; sourceTree = "<group>"; };
		4819F5DF2C1AE2D80087CA97 /* ContentView.swift */ = {isa = PBXFileReference; lastKnownFileType = sourcecode.swift; path = ContentView.swift; sourceTree = "<group>"; };
		4819F5E12C1AE2DA0087CA97 /* Assets.xcassets */ = {isa = PBXFileReference; lastKnownFileType = folder.assetcatalog; path = Assets.xcassets; sourceTree = "<group>"; };
		4819F5E42C1AE2DA0087CA97 /* Preview Assets.xcassets */ = {isa = PBXFileReference; lastKnownFileType = folder.assetcatalog; path = "Preview Assets.xcassets"; sourceTree = "<group>"; };
		4819F5EA2C1AE2DA0087CA97 /* week8Tests.xctest */ = {isa = PBXFileReference; explicitFileType = wrapper.cfbundle; includeInIndex = 0; path = week8Tests.xctest; sourceTree = BUILT_PRODUCTS_DIR; };
		4819F5EE2C1AE2DA0087CA97 /* week8Tests.swift */ = {isa = PBXFileReference; lastKnownFileType = sourcecode.swift; path = week8Tests.swift; sourceTree = "<group>"; };
		4819F5F42C1AE2DA0087CA97 /* week8UITests.xctest */ = {isa = PBXFileReference; explicitFileType = wrapper.cfbundle; includeInIndex = 0; path = week8UITests.xctest; sourceTree = BUILT_PRODUCTS_DIR; };
		4819F5F82C1AE2DA0087CA97 /* week8UITests.swift */ = {isa = PBXFileReference; lastKnownFileType = sourcecode.swift; path = week8UITests.swift; sourceTree = "<group>"; };
		4819F5FA2C1AE2DA0087CA97 /* week8UITestsLaunchTests.swift */ = {isa = PBXFileReference; lastKnownFileType = sourcecode.swift; path = week8UITestsLaunchTests.swift; sourceTree = "<group>"; };
		4819F6072C1AE4FF0087CA97 /* UniversityEntry.swift */ = {isa = PBXFileReference; lastKnownFileType = sourcecode.swift; path = UniversityEntry.swift; sourceTree = "<group>"; };
		4819F6092C1AE5220087CA97 /* UniversityStore.swift */ = {isa = PBXFileReference; lastKnownFileType = sourcecode.swift; path = UniversityStore.swift; sourceTree = "<group>"; };
		4819F60B2C1AE5560087CA97 /* UniversityEntryView.swift */ = {isa = PBXFileReference; lastKnownFileType = sourcecode.swift; path = UniversityEntryView.swift; sourceTree = "<group>"; };
		4819F60D2C1AE5880087CA97 /* UniversityRow.swift */ = {isa = PBXFileReference; lastKnownFileType = sourcecode.swift; path = UniversityRow.swift; sourceTree = "<group>"; };
/* End PBXFileReference section */

/* Begin PBXFrameworksBuildPhase section */
		4819F5D72C1AE2D80087CA97 /* Frameworks */ = {
			isa = PBXFrameworksBuildPhase;
			buildActionMask = 2147483647;
			files = (
			);
			runOnlyForDeploymentPostprocessing = 0;
		};
		4819F5E72C1AE2DA0087CA97 /* Frameworks */ = {
			isa = PBXFrameworksBuildPhase;
			buildActionMask = 2147483647;
			files = (
			);
			runOnlyForDeploymentPostprocessing = 0;
		};
		4819F5F12C1AE2DA0087CA97 /* Frameworks */ = {
			isa = PBXFrameworksBuildPhase;
			buildActionMask = 2147483647;
			files = (
			);
			runOnlyForDeploymentPostprocessing = 0;
		};
/* End PBXFrameworksBuildPhase section */

/* Begin PBXGroup section */
		4819F5D12C1AE2D80087CA97 = {
			isa = PBXGroup;
			children = (
				4819F60D2C1AE5880087CA97 /* UniversityRow.swift */,
				4819F60B2C1AE5560087CA97 /* UniversityEntryView.swift */,
				4819F6092C1AE5220087CA97 /* UniversityStore.swift */,
				4819F6072C1AE4FF0087CA97 /* UniversityEntry.swift */,
				4819F5DC2C1AE2D80087CA97 /* week8 */,
				4819F5ED2C1AE2DA0087CA97 /* week8Tests */,
				4819F5F72C1AE2DA0087CA97 /* week8UITests */,
				4819F5DB2C1AE2D80087CA97 /* Products */,
			);
			sourceTree = "<group>";
		};
		4819F5DB2C1AE2D80087CA97 /* Products */ = {
			isa = PBXGroup;
			children = (
				4819F5DA2C1AE2D80087CA97 /* week8.app */,
				4819F5EA2C1AE2DA0087CA97 /* week8Tests.xctest */,
				4819F5F42C1AE2DA0087CA97 /* week8UITests.xctest */,
			);
			name = Products;
			sourceTree = "<group>";
		};
		4819F5DC2C1AE2D80087CA97 /* week8 */ = {
			isa = PBXGroup;
			children = (
				4819F5DD2C1AE2D80087CA97 /* week8App.swift */,
				4819F5DF2C1AE2D80087CA97 /* ContentView.swift */,
				4819F5E12C1AE2DA0087CA97 /* Assets.xcassets */,
				4819F5E32C1AE2DA0087CA97 /* Preview Content */,
			);
			path = week8;
			sourceTree = "<group>";
		};
		4819F5E32C1AE2DA0087CA97 /* Preview Content */ = {
			isa = PBXGroup;
			children = (
				4819F5E42C1AE2DA0087CA97 /* Preview Assets.xcassets */,
			);
			path = "Preview Content";
			sourceTree = "<group>";
		};
		4819F5ED2C1AE2DA0087CA97 /* week8Tests */ = {
			isa = PBXGroup;
			children = (
				4819F5EE2C1AE2DA0087CA97 /* week8Tests.swift */,
			);
			path = week8Tests;
			sourceTree = "<group>";
		};
		4819F5F72C1AE2DA0087CA97 /* week8UITests */ = {
			isa = PBXGroup;
			children = (
				4819F5F82C1AE2DA0087CA97 /* week8UITests.swift */,
				4819F5FA2C1AE2DA0087CA97 /* week8UITestsLaunchTests.swift */,
			);
			path = week8UITests;
			sourceTree = "<group>";
		};
/* End PBXGroup section */

/* Begin PBXNativeTarget section */
		4819F5D92C1AE2D80087CA97 /* week8 */ = {
			isa = PBXNativeTarget;
			buildConfigurationList = 4819F5FE2C1AE2DA0087CA97 /* Build configuration list for PBXNativeTarget "week8" */;
			buildPhases = (
				4819F5D62C1AE2D80087CA97 /* Sources */,
				4819F5D72C1AE2D80087CA97 /* Frameworks */,
				4819F5D82C1AE2D80087CA97 /* Resources */,
			);
			buildRules = (
			);
			dependencies = (
			);
			name = week8;
			productName = week8;
			productReference = 4819F5DA2C1AE2D80087CA97 /* week8.app */;
			productType = "com.apple.product-type.application";
		};
		4819F5E92C1AE2DA0087CA97 /* week8Tests */ = {
			isa = PBXNativeTarget;
			buildConfigurationList = 4819F6012C1AE2DA0087CA97 /* Build configuration list for PBXNativeTarget "week8Tests" */;
			buildPhases = (
				4819F5E62C1AE2DA0087CA97 /* Sources */,
				4819F5E72C1AE2DA0087CA97 /* Frameworks */,
				4819F5E82C1AE2DA0087CA97 /* Resources */,
			);
			buildRules = (
			);
			dependencies = (
				4819F5EC2C1AE2DA0087CA97 /* PBXTargetDependency */,
			);
			name = week8Tests;
			productName = week8Tests;
			productReference = 4819F5EA2C1AE2DA0087CA97 /* week8Tests.xctest */;
			productType = "com.apple.product-type.bundle.unit-test";
		};
		4819F5F32C1AE2DA0087CA97 /* week8UITests */ = {
			isa = PBXNativeTarget;
			buildConfigurationList = 4819F6042C1AE2DA0087CA97 /* Build configuration list for PBXNativeTarget "week8UITests" */;
			buildPhases = (
				4819F5F02C1AE2DA0087CA97 /* Sources */,
				4819F5F12C1AE2DA0087CA97 /* Frameworks */,
				4819F5F22C1AE2DA0087CA97 /* Resources */,
			);
			buildRules = (
			);
			dependencies = (
				4819F5F62C1AE2DA0087CA97 /* PBXTargetDependency */,
			);
			name = week8UITests;
			productName = week8UITests;
			productReference = 4819F5F42C1AE2DA0087CA97 /* week8UITests.xctest */;
			productType = "com.apple.product-type.bundle.ui-testing";
		};
/* End PBXNativeTarget section */

/* Begin PBXProject section */
		4819F5D22C1AE2D80087CA97 /* Project object */ = {
			isa = PBXProject;
			attributes = {
				BuildIndependentTargetsInParallel = 1;
				LastSwiftUpdateCheck = 1540;
				LastUpgradeCheck = 1540;
				TargetAttributes = {
					4819F5D92C1AE2D80087CA97 = {
						CreatedOnToolsVersion = 15.4;
					};
					4819F5E92C1AE2DA0087CA97 = {
						CreatedOnToolsVersion = 15.4;
						TestTargetID = 4819F5D92C1AE2D80087CA97;
					};
					4819F5F32C1AE2DA0087CA97 = {
						CreatedOnToolsVersion = 15.4;
						TestTargetID = 4819F5D92C1AE2D80087CA97;
					};
				};
			};
			buildConfigurationList = 4819F5D52C1AE2D80087CA97 /* Build configuration list for PBXProject "week8" */;
			compatibilityVersion = "Xcode 14.0";
			developmentRegion = en;
			hasScannedForEncodings = 0;
			knownRegions = (
				en,
				Base,
			);
			mainGroup = 4819F5D12C1AE2D80087CA97;
			productRefGroup = 4819F5DB2C1AE2D80087CA97 /* Products */;
			projectDirPath = "";
			projectRoot = "";
			targets = (
				4819F5D92C1AE2D80087CA97 /* week8 */,
				4819F5E92C1AE2DA0087CA97 /* week8Tests */,
				4819F5F32C1AE2DA0087CA97 /* week8UITests */,
			);
		};
/* End PBXProject section */

/* Begin PBXResourcesBuildPhase section */
		4819F5D82C1AE2D80087CA97 /* Resources */ = {
			isa = PBXResourcesBuildPhase;
			buildActionMask = 2147483647;
			files = (
				4819F5E52C1AE2DA0087CA97 /* Preview Assets.xcassets in Resources */,
				4819F5E22C1AE2DA0087CA97 /* Assets.xcassets in Resources */,
			);
			runOnlyForDeploymentPostprocessing = 0;
		};
		4819F5E82C1AE2DA0087CA97 /* Resources */ = {
			isa = PBXResourcesBuildPhase;
			buildActionMask = 2147483647;
			files = (
			);
			runOnlyForDeploymentPostprocessing = 0;
		};
		4819F5F22C1AE2DA0087CA97 /* Resources */ = {
			isa = PBXResourcesBuildPhase;
			buildActionMask = 2147483647;
			files = (
			);
			runOnlyForDeploymentPostprocessing = 0;
		};
/* End PBXResourcesBuildPhase section */

/* Begin PBXSourcesBuildPhase section */
		4819F5D62C1AE2D80087CA97 /* Sources */ = {
			isa = PBXSourcesBuildPhase;
			buildActionMask = 2147483647;
			files = (
				4819F5E02C1AE2D80087CA97 /* ContentView.swift in Sources */,
				4819F60C2C1AE5560087CA97 /* UniversityEntryView.swift in Sources */,
				4819F5DE2C1AE2D80087CA97 /* week8App.swift in Sources */,
				4819F6082C1AE4FF0087CA97 /* UniversityEntry.swift in Sources */,
				4819F60E2C1AE5880087CA97 /* UniversityRow.swift in Sources */,
				4819F60A2C1AE5220087CA97 /* UniversityStore.swift in Sources */,
			);
			runOnlyForDeploymentPostprocessing = 0;
		};
		4819F5E62C1AE2DA0087CA97 /* Sources */ = {
			isa = PBXSourcesBuildPhase;
			buildActionMask = 2147483647;
			files = (
				4819F5EF2C1AE2DA0087CA97 /* week8Tests.swift in Sources */,
			);
			runOnlyForDeploymentPostprocessing = 0;
		};
		4819F5F02C1AE2DA0087CA97 /* Sources */ = {
			isa = PBXSourcesBuildPhase;
			buildActionMask = 2147483647;
			files = (
				4819F5F92C1AE2DA0087CA97 /* week8UITests.swift in Sources */,
				4819F5FB2C1AE2DA0087CA97 /* week8UITestsLaunchTests.swift in Sources */,
			);
			runOnlyForDeploymentPostprocessing = 0;
		};
/* End PBXSourcesBuildPhase section */

/* Begin PBXTargetDependency section */
		4819F5EC2C1AE2DA0087CA97 /* PBXTargetDependency */ = {
			isa = PBXTargetDependency;
			target = 4819F5D92C1AE2D80087CA97 /* week8 */;
			targetProxy = 4819F5EB2C1AE2DA0087CA97 /* PBXContainerItemProxy */;
		};
		4819F5F62C1AE2DA0087CA97 /* PBXTargetDependency */ = {
			isa = PBXTargetDependency;
			target = 4819F5D92C1AE2D80087CA97 /* week8 */;
			targetProxy = 4819F5F52C1AE2DA0087CA97 /* PBXContainerItemProxy */;
		};
/* End PBXTargetDependency section */

/* Begin XCBuildConfiguration section */
		4819F5FC2C1AE2DA0087CA97 /* Debug */ = {
			isa = XCBuildConfiguration;
			buildSettings = {
				ALWAYS_SEARCH_USER_PATHS = NO;
				ASSETCATALOG_COMPILER_GENERATE_SWIFT_ASSET_SYMBOL_EXTENSIONS = YES;
				CLANG_ANALYZER_NONNULL = YES;
				CLANG_ANALYZER_NUMBER_OBJECT_CONVERSION = YES_AGGRESSIVE;
				CLANG_CXX_LANGUAGE_STANDARD = "gnu++20";
				CLANG_ENABLE_MODULES = YES;
				CLANG_ENABLE_OBJC_ARC = YES;
				CLANG_ENABLE_OBJC_WEAK = YES;
				CLANG_WARN_BLOCK_CAPTURE_AUTORELEASING = YES;
				CLANG_WARN_BOOL_CONVERSION = YES;
				CLANG_WARN_COMMA = YES;
				CLANG_WARN_CONSTANT_CONVERSION = YES;
				CLANG_WARN_DEPRECATED_OBJC_IMPLEMENTATIONS = YES;
				CLANG_WARN_DIRECT_OBJC_ISA_USAGE = YES_ERROR;
				CLANG_WARN_DOCUMENTATION_COMMENTS = YES;
				CLANG_WARN_EMPTY_BODY = YES;
				CLANG_WARN_ENUM_CONVERSION = YES;
				CLANG_WARN_INFINITE_RECURSION = YES;
				CLANG_WARN_INT_CONVERSION = YES;
				CLANG_WARN_NON_LITERAL_NULL_CONVERSION = YES;
				CLANG_WARN_OBJC_IMPLICIT_RETAIN_SELF = YES;
				CLANG_WARN_OBJC_LITERAL_CONVERSION = YES;
				CLANG_WARN_OBJC_ROOT_CLASS = YES_ERROR;
				CLANG_WARN_QUOTED_INCLUDE_IN_FRAMEWORK_HEADER = YES;
				CLANG_WARN_RANGE_LOOP_ANALYSIS = YES;
				CLANG_WARN_STRICT_PROTOTYPES = YES;
				CLANG_WARN_SUSPICIOUS_MOVE = YES;
				CLANG_WARN_UNGUARDED_AVAILABILITY = YES_AGGRESSIVE;
				CLANG_WARN_UNREACHABLE_CODE = YES;
				CLANG_WARN__DUPLICATE_METHOD_MATCH = YES;
				COPY_PHASE_STRIP = NO;
				DEBUG_INFORMATION_FORMAT = dwarf;
				ENABLE_STRICT_OBJC_MSGSEND = YES;
				ENABLE_TESTABILITY = YES;
				ENABLE_USER_SCRIPT_SANDBOXING = YES;
				GCC_C_LANGUAGE_STANDARD = gnu17;
				GCC_DYNAMIC_NO_PIC = NO;
				GCC_NO_COMMON_BLOCKS = YES;
				GCC_OPTIMIZATION_LEVEL = 0;
				GCC_PREPROCESSOR_DEFINITIONS = (
					"DEBUG=1",
					"$(inherited)",
				);
				GCC_WARN_64_TO_32_BIT_CONVERSION = YES;
				GCC_WARN_ABOUT_RETURN_TYPE = YES_ERROR;
				GCC_WARN_UNDECLARED_SELECTOR = YES;
				GCC_WARN_UNINITIALIZED_AUTOS = YES_AGGRESSIVE;
				GCC_WARN_UNUSED_FUNCTION = YES;
				GCC_WARN_UNUSED_VARIABLE = YES;
				IPHONEOS_DEPLOYMENT_TARGET = 17.5;
				LOCALIZATION_PREFERS_STRING_CATALOGS = YES;
				MTL_ENABLE_DEBUG_INFO = INCLUDE_SOURCE;
				MTL_FAST_MATH = YES;
				ONLY_ACTIVE_ARCH = YES;
				SDKROOT = iphoneos;
				SWIFT_ACTIVE_COMPILATION_CONDITIONS = "DEBUG $(inherited)";
				SWIFT_OPTIMIZATION_LEVEL = "-Onone";
			};
			name = Debug;
		};
		4819F5FD2C1AE2DA0087CA97 /* Release */ = {
			isa = XCBuildConfiguration;
			buildSettings = {
				ALWAYS_SEARCH_USER_PATHS = NO;
				ASSETCATALOG_COMPILER_GENERATE_SWIFT_ASSET_SYMBOL_EXTENSIONS = YES;
				CLANG_ANALYZER_NONNULL = YES;
				CLANG_ANALYZER_NUMBER_OBJECT_CONVERSION = YES_AGGRESSIVE;
				CLANG_CXX_LANGUAGE_STANDARD = "gnu++20";
				CLANG_ENABLE_MODULES = YES;
				CLANG_ENABLE_OBJC_ARC = YES;
				CLANG_ENABLE_OBJC_WEAK = YES;
				CLANG_WARN_BLOCK_CAPTURE_AUTORELEASING = YES;
				CLANG_WARN_BOOL_CONVERSION = YES;
				CLANG_WARN_COMMA = YES;
				CLANG_WARN_CONSTANT_CONVERSION = YES;
				CLANG_WARN_DEPRECATED_OBJC_IMPLEMENTATIONS = YES;
				CLANG_WARN_DIRECT_OBJC_ISA_USAGE = YES_ERROR;
				CLANG_WARN_DOCUMENTATION_COMMENTS = YES;
				CLANG_WARN_EMPTY_BODY = YES;
				CLANG_WARN_ENUM_CONVERSION = YES;
				CLANG_WARN_INFINITE_RECURSION = YES;
				CLANG_WARN_INT_CONVERSION = YES;
				CLANG_WARN_NON_LITERAL_NULL_CONVERSION = YES;
				CLANG_WARN_OBJC_IMPLICIT_RETAIN_SELF = YES;
				CLANG_WARN_OBJC_LITERAL_CONVERSION = YES;
				CLANG_WARN_OBJC_ROOT_CLASS = YES_ERROR;
				CLANG_WARN_QUOTED_INCLUDE_IN_FRAMEWORK_HEADER = YES;
				CLANG_WARN_RANGE_LOOP_ANALYSIS = YES;
				CLANG_WARN_STRICT_PROTOTYPES = YES;
				CLANG_WARN_SUSPICIOUS_MOVE = YES;
				CLANG_WARN_UNGUARDED_AVAILABILITY = YES_AGGRESSIVE;
				CLANG_WARN_UNREACHABLE_CODE = YES;
				CLANG_WARN__DUPLICATE_METHOD_MATCH = YES;
				COPY_PHASE_STRIP = NO;
				DEBUG_INFORMATION_FORMAT = "dwarf-with-dsym";
				ENABLE_NS_ASSERTIONS = NO;
				ENABLE_STRICT_OBJC_MSGSEND = YES;
				ENABLE_USER_SCRIPT_SANDBOXING = YES;
				GCC_C_LANGUAGE_STANDARD = gnu17;
				GCC_NO_COMMON_BLOCKS = YES;
				GCC_WARN_64_TO_32_BIT_CONVERSION = YES;
				GCC_WARN_ABOUT_RETURN_TYPE = YES_ERROR;
				GCC_WARN_UNDECLARED_SELECTOR = YES;
				GCC_WARN_UNINITIALIZED_AUTOS = YES_AGGRESSIVE;
				GCC_WARN_UNUSED_FUNCTION = YES;
				GCC_WARN_UNUSED_VARIABLE = YES;
				IPHONEOS_DEPLOYMENT_TARGET = 17.5;
				LOCALIZATION_PREFERS_STRING_CATALOGS = YES;
				MTL_ENABLE_DEBUG_INFO = NO;
				MTL_FAST_MATH = YES;
				SDKROOT = iphoneos;
				SWIFT_COMPILATION_MODE = wholemodule;
				VALIDATE_PRODUCT = YES;
			};
			name = Release;
		};
		4819F5FF2C1AE2DA0087CA97 /* Debug */ = {
			isa = XCBuildConfiguration;
			buildSettings = {
				ASSETCATALOG_COMPILER_APPICON_NAME = AppIcon;
				ASSETCATALOG_COMPILER_GLOBAL_ACCENT_COLOR_NAME = AccentColor;
				CODE_SIGN_STYLE = Automatic;
				CURRENT_PROJECT_VERSION = 1;
				DEVELOPMENT_ASSET_PATHS = "\"week8/Preview Content\"";
				DEVELOPMENT_TEAM = C3DPLJJZYG;
				ENABLE_PREVIEWS = YES;
				GENERATE_INFOPLIST_FILE = YES;
				INFOPLIST_KEY_UIApplicationSceneManifest_Generation = YES;
				INFOPLIST_KEY_UIApplicationSupportsIndirectInputEvents = YES;
				INFOPLIST_KEY_UILaunchScreen_Generation = YES;
				INFOPLIST_KEY_UISupportedInterfaceOrientations_iPad = "UIInterfaceOrientationPortrait UIInterfaceOrientationPortraitUpsideDown UIInterfaceOrientationLandscapeLeft UIInterfaceOrientationLandscapeRight";
				INFOPLIST_KEY_UISupportedInterfaceOrientations_iPhone = "UIInterfaceOrientationPortrait UIInterfaceOrientationLandscapeLeft UIInterfaceOrientationLandscapeRight";
				LD_RUNPATH_SEARCH_PATHS = (
					"$(inherited)",
					"@executable_path/Frameworks",
				);
				MARKETING_VERSION = 1.0;
				PRODUCT_BUNDLE_IDENTIFIER = com.nickr.week8;
				PRODUCT_NAME = "$(TARGET_NAME)";
				SWIFT_EMIT_LOC_STRINGS = YES;
				SWIFT_VERSION = 5.0;
				TARGETED_DEVICE_FAMILY = "1,2";
			};
			name = Debug;
		};
		4819F6002C1AE2DA0087CA97 /* Release */ = {
			isa = XCBuildConfiguration;
			buildSettings = {
				ASSETCATALOG_COMPILER_APPICON_NAME = AppIcon;
				ASSETCATALOG_COMPILER_GLOBAL_ACCENT_COLOR_NAME = AccentColor;
				CODE_SIGN_STYLE = Automatic;
				CURRENT_PROJECT_VERSION = 1;
				DEVELOPMENT_ASSET_PATHS = "\"week8/Preview Content\"";
				DEVELOPMENT_TEAM = C3DPLJJZYG;
				ENABLE_PREVIEWS = YES;
				GENERATE_INFOPLIST_FILE = YES;
				INFOPLIST_KEY_UIApplicationSceneManifest_Generation = YES;
				INFOPLIST_KEY_UIApplicationSupportsIndirectInputEvents = YES;
				INFOPLIST_KEY_UILaunchScreen_Generation = YES;
				INFOPLIST_KEY_UISupportedInterfaceOrientations_iPad = "UIInterfaceOrientationPortrait UIInterfaceOrientationPortraitUpsideDown UIInterfaceOrientationLandscapeLeft UIInterfaceOrientationLandscapeRight";
				INFOPLIST_KEY_UISupportedInterfaceOrientations_iPhone = "UIInterfaceOrientationPortrait UIInterfaceOrientationLandscapeLeft UIInterfaceOrientationLandscapeRight";
				LD_RUNPATH_SEARCH_PATHS = (
					"$(inherited)",
					"@executable_path/Frameworks",
				);
				MARKETING_VERSION = 1.0;
				PRODUCT_BUNDLE_IDENTIFIER = com.nickr.week8;
				PRODUCT_NAME = "$(TARGET_NAME)";
				SWIFT_EMIT_LOC_STRINGS = YES;
				SWIFT_VERSION = 5.0;
				TARGETED_DEVICE_FAMILY = "1,2";
			};
			name = Release;
		};
		4819F6022C1AE2DA0087CA97 /* Debug */ = {
			isa = XCBuildConfiguration;
			buildSettings = {
				ALWAYS_EMBED_SWIFT_STANDARD_LIBRARIES = YES;
				BUNDLE_LOADER = "$(TEST_HOST)";
				CODE_SIGN_STYLE = Automatic;
				CURRENT_PROJECT_VERSION = 1;
				DEVELOPMENT_TEAM = C3DPLJJZYG;
				GENERATE_INFOPLIST_FILE = YES;
				IPHONEOS_DEPLOYMENT_TARGET = 17.5;
				MARKETING_VERSION = 1.0;
				PRODUCT_BUNDLE_IDENTIFIER = com.nickr.week8Tests;
				PRODUCT_NAME = "$(TARGET_NAME)";
				SWIFT_EMIT_LOC_STRINGS = NO;
				SWIFT_VERSION = 5.0;
				TARGETED_DEVICE_FAMILY = "1,2";
				TEST_HOST = "$(BUILT_PRODUCTS_DIR)/week8.app/$(BUNDLE_EXECUTABLE_FOLDER_PATH)/week8";
			};
			name = Debug;
		};
		4819F6032C1AE2DA0087CA97 /* Release */ = {
			isa = XCBuildConfiguration;
			buildSettings = {
				ALWAYS_EMBED_SWIFT_STANDARD_LIBRARIES = YES;
				BUNDLE_LOADER = "$(TEST_HOST)";
				CODE_SIGN_STYLE = Automatic;
				CURRENT_PROJECT_VERSION = 1;
				DEVELOPMENT_TEAM = C3DPLJJZYG;
				GENERATE_INFOPLIST_FILE = YES;
				IPHONEOS_DEPLOYMENT_TARGET = 17.5;
				MARKETING_VERSION = 1.0;
				PRODUCT_BUNDLE_IDENTIFIER = com.nickr.week8Tests;
				PRODUCT_NAME = "$(TARGET_NAME)";
				SWIFT_EMIT_LOC_STRINGS = NO;
				SWIFT_VERSION = 5.0;
				TARGETED_DEVICE_FAMILY = "1,2";
				TEST_HOST = "$(BUILT_PRODUCTS_DIR)/week8.app/$(BUNDLE_EXECUTABLE_FOLDER_PATH)/week8";
			};
			name = Release;
		};
		4819F6052C1AE2DA0087CA97 /* Debug */ = {
			isa = XCBuildConfiguration;
			buildSettings = {
				ALWAYS_EMBED_SWIFT_STANDARD_LIBRARIES = YES;
				CODE_SIGN_STYLE = Automatic;
				CURRENT_PROJECT_VERSION = 1;
				DEVELOPMENT_TEAM = C3DPLJJZYG;
				GENERATE_INFOPLIST_FILE = YES;
				MARKETING_VERSION = 1.0;
				PRODUCT_BUNDLE_IDENTIFIER = com.nickr.week8UITests;
				PRODUCT_NAME = "$(TARGET_NAME)";
				SWIFT_EMIT_LOC_STRINGS = NO;
				SWIFT_VERSION = 5.0;
				TARGETED_DEVICE_FAMILY = "1,2";
				TEST_TARGET_NAME = week8;
			};
			name = Debug;
		};
		4819F6062C1AE2DA0087CA97 /* Release */ = {
			isa = XCBuildConfiguration;
			buildSettings = {
				ALWAYS_EMBED_SWIFT_STANDARD_LIBRARIES = YES;
				CODE_SIGN_STYLE = Automatic;
				CURRENT_PROJECT_VERSION = 1;
				DEVELOPMENT_TEAM = C3DPLJJZYG;
				GENERATE_INFOPLIST_FILE = YES;
				MARKETING_VERSION = 1.0;
				PRODUCT_BUNDLE_IDENTIFIER = com.nickr.week8UITests;
				PRODUCT_NAME = "$(TARGET_NAME)";
				SWIFT_EMIT_LOC_STRINGS = NO;
				SWIFT_VERSION = 5.0;
				TARGETED_DEVICE_FAMILY = "1,2";
				TEST_TARGET_NAME = week8;
			};
			name = Release;
		};
/* End XCBuildConfiguration section */

/* Begin XCConfigurationList section */
		4819F5D52C1AE2D80087CA97 /* Build configuration list for PBXProject "week8" */ = {
			isa = XCConfigurationList;
			buildConfigurations = (
				4819F5FC2C1AE2DA0087CA97 /* Debug */,
				4819F5FD2C1AE2DA0087CA97 /* Release */,
			);
			defaultConfigurationIsVisible = 0;
			defaultConfigurationName = Release;
		};
		4819F5FE2C1AE2DA0087CA97 /* Build configuration list for PBXNativeTarget "week8" */ = {
			isa = XCConfigurationList;
			buildConfigurations = (
				4819F5FF2C1AE2DA0087CA97 /* Debug */,
				4819F6002C1AE2DA0087CA97 /* Release */,
			);
			defaultConfigurationIsVisible = 0;
			defaultConfigurationName = Release;
		};
		4819F6012C1AE2DA0087CA97 /* Build configuration list for PBXNativeTarget "week8Tests" */ = {
			isa = XCConfigurationList;
			buildConfigurations = (
				4819F6022C1AE2DA0087CA97 /* Debug */,
				4819F6032C1AE2DA0087CA97 /* Release */,
			);
			defaultConfigurationIsVisible = 0;
			defaultConfigurationName = Release;
		};
		4819F6042C1AE2DA0087CA97 /* Build configuration list for PBXNativeTarget "week8UITests" */ = {
			isa = XCConfigurationList;
			buildConfigurations = (
				4819F6052C1AE2DA0087CA97 /* Debug */,
				4819F6062C1AE2DA0087CA97 /* Release */,
			);
			defaultConfigurationIsVisible = 0;
			defaultConfigurationName = Release;
		};
/* End XCConfigurationList section */
	};
	rootObject = 4819F5D22C1AE2D80087CA97 /* Project object */;
}
