// !$*UTF8*$!
{
	archiveVersion = 1;
	classes = {
	};
	objectVersion = 56;
	objects = {

/* Begin PBXBuildFile section */
		4809DC732BF641F000EDB2A5 /* SearchBar.swift in Sources */ = {isa = PBXBuildFile; fileRef = 4809DC722BF641F000EDB2A5 /* SearchBar.swift */; };
		483156EB2BEE1D3000120D73 /* IncompleteTab.swift in Sources */ = {isa = PBXBuildFile; fileRef = 483156EA2BEE1D3000120D73 /* IncompleteTab.swift */; };
		483156ED2BEE305600120D73 /* CompletedTab.swift in Sources */ = {isa = PBXBuildFile; fileRef = 483156EC2BEE305600120D73 /* CompletedTab.swift */; };
		483156EF2BEF58E900120D73 /* AllTab.swift in Sources */ = {isa = PBXBuildFile; fileRef = 483156EE2BEF58E900120D73 /* AllTab.swift */; };
		483156F12BEF5E0800120D73 /* GridView.swift in Sources */ = {isa = PBXBuildFile; fileRef = 483156F02BEF5E0800120D73 /* GridView.swift */; };
		4857C4442BE166590051981F /* TaskListApp.swift in Sources */ = {isa = PBXBuildFile; fileRef = 4857C4432BE166590051981F /* TaskListApp.swift */; };
		4857C4462BE166590051981F /* ContentView.swift in Sources */ = {isa = PBXBuildFile; fileRef = 4857C4452BE166590051981F /* ContentView.swift */; };
		4857C4482BE1665B0051981F /* Assets.xcassets in Resources */ = {isa = PBXBuildFile; fileRef = 4857C4472BE1665B0051981F /* Assets.xcassets */; };
		4857C44B2BE1665B0051981F /* Preview Assets.xcassets in Resources */ = {isa = PBXBuildFile; fileRef = 4857C44A2BE1665B0051981F /* Preview Assets.xcassets */; };
		4857C4552BE1665B0051981F /* TaskListTests.swift in Sources */ = {isa = PBXBuildFile; fileRef = 4857C4542BE1665B0051981F /* TaskListTests.swift */; };
		4857C45F2BE1665B0051981F /* TaskListUITests.swift in Sources */ = {isa = PBXBuildFile; fileRef = 4857C45E2BE1665B0051981F /* TaskListUITests.swift */; };
		4857C4612BE1665B0051981F /* TaskListUITestsLaunchTests.swift in Sources */ = {isa = PBXBuildFile; fileRef = 4857C4602BE1665B0051981F /* TaskListUITestsLaunchTests.swift */; };
		4857C46E2BE1683E0051981F /* AddTaskMenu.swift in Sources */ = {isa = PBXBuildFile; fileRef = 4857C46D2BE1683E0051981F /* AddTaskMenu.swift */; };
		4857C4702BE168730051981F /* Task.swift in Sources */ = {isa = PBXBuildFile; fileRef = 4857C46F2BE168730051981F /* Task.swift */; };
		4857C4722BE168840051981F /* TaskDetail.swift in Sources */ = {isa = PBXBuildFile; fileRef = 4857C4712BE168840051981F /* TaskDetail.swift */; };
		4857C4762BE1B2600051981F /* TaskStore.swift in Sources */ = {isa = PBXBuildFile; fileRef = 4857C4752BE1B2600051981F /* TaskStore.swift */; };
		48AD79302BF0D4C4004C7AAD /* CategoryCardView.swift in Sources */ = {isa = PBXBuildFile; fileRef = 48AD792F2BF0D4C4004C7AAD /* CategoryCardView.swift */; };
		48B52F3F2BF2E0950093A106 /* TaskList.swift in Sources */ = {isa = PBXBuildFile; fileRef = 48B52F3E2BF2E0950093A106 /* TaskList.swift */; };
/* End PBXBuildFile section */

/* Begin PBXContainerItemProxy section */
		4857C4512BE1665B0051981F /* PBXContainerItemProxy */ = {
			isa = PBXContainerItemProxy;
			containerPortal = 4857C4382BE166590051981F /* Project object */;
			proxyType = 1;
			remoteGlobalIDString = 4857C43F2BE166590051981F;
			remoteInfo = TaskList;
		};
		4857C45B2BE1665B0051981F /* PBXContainerItemProxy */ = {
			isa = PBXContainerItemProxy;
			containerPortal = 4857C4382BE166590051981F /* Project object */;
			proxyType = 1;
			remoteGlobalIDString = 4857C43F2BE166590051981F;
			remoteInfo = TaskList;
		};
/* End PBXContainerItemProxy section */

/* Begin PBXFileReference section */
		4809DC722BF641F000EDB2A5 /* SearchBar.swift */ = {isa = PBXFileReference; lastKnownFileType = sourcecode.swift; path = SearchBar.swift; sourceTree = "<group>"; };
		483156EA2BEE1D3000120D73 /* IncompleteTab.swift */ = {isa = PBXFileReference; lastKnownFileType = sourcecode.swift; path = IncompleteTab.swift; sourceTree = "<group>"; };
		483156EC2BEE305600120D73 /* CompletedTab.swift */ = {isa = PBXFileReference; lastKnownFileType = sourcecode.swift; path = CompletedTab.swift; sourceTree = "<group>"; };
		483156EE2BEF58E900120D73 /* AllTab.swift */ = {isa = PBXFileReference; lastKnownFileType = sourcecode.swift; path = AllTab.swift; sourceTree = "<group>"; };
		483156F02BEF5E0800120D73 /* GridView.swift */ = {isa = PBXFileReference; lastKnownFileType = sourcecode.swift; path = GridView.swift; sourceTree = "<group>"; };
		4857C4402BE166590051981F /* TaskList.app */ = {isa = PBXFileReference; explicitFileType = wrapper.application; includeInIndex = 0; path = TaskList.app; sourceTree = BUILT_PRODUCTS_DIR; };
		4857C4432BE166590051981F /* TaskListApp.swift */ = {isa = PBXFileReference; lastKnownFileType = sourcecode.swift; path = TaskListApp.swift; sourceTree = "<group>"; };
		4857C4452BE166590051981F /* ContentView.swift */ = {isa = PBXFileReference; lastKnownFileType = sourcecode.swift; path = ContentView.swift; sourceTree = "<group>"; };
		4857C4472BE1665B0051981F /* Assets.xcassets */ = {isa = PBXFileReference; lastKnownFileType = folder.assetcatalog; path = Assets.xcassets; sourceTree = "<group>"; };
		4857C44A2BE1665B0051981F /* Preview Assets.xcassets */ = {isa = PBXFileReference; lastKnownFileType = folder.assetcatalog; path = "Preview Assets.xcassets"; sourceTree = "<group>"; };
		4857C4502BE1665B0051981F /* TaskListTests.xctest */ = {isa = PBXFileReference; explicitFileType = wrapper.cfbundle; includeInIndex = 0; path = TaskListTests.xctest; sourceTree = BUILT_PRODUCTS_DIR; };
		4857C4542BE1665B0051981F /* TaskListTests.swift */ = {isa = PBXFileReference; lastKnownFileType = sourcecode.swift; path = TaskListTests.swift; sourceTree = "<group>"; };
		4857C45A2BE1665B0051981F /* TaskListUITests.xctest */ = {isa = PBXFileReference; explicitFileType = wrapper.cfbundle; includeInIndex = 0; path = TaskListUITests.xctest; sourceTree = BUILT_PRODUCTS_DIR; };
		4857C45E2BE1665B0051981F /* TaskListUITests.swift */ = {isa = PBXFileReference; lastKnownFileType = sourcecode.swift; path = TaskListUITests.swift; sourceTree = "<group>"; };
		4857C4602BE1665B0051981F /* TaskListUITestsLaunchTests.swift */ = {isa = PBXFileReference; lastKnownFileType = sourcecode.swift; path = TaskListUITestsLaunchTests.swift; sourceTree = "<group>"; };
		4857C46D2BE1683E0051981F /* AddTaskMenu.swift */ = {isa = PBXFileReference; lastKnownFileType = sourcecode.swift; path = AddTaskMenu.swift; sourceTree = "<group>"; };
		4857C46F2BE168730051981F /* Task.swift */ = {isa = PBXFileReference; lastKnownFileType = sourcecode.swift; path = Task.swift; sourceTree = "<group>"; };
		4857C4712BE168840051981F /* TaskDetail.swift */ = {isa = PBXFileReference; lastKnownFileType = sourcecode.swift; path = TaskDetail.swift; sourceTree = "<group>"; };
		4857C4752BE1B2600051981F /* TaskStore.swift */ = {isa = PBXFileReference; lastKnownFileType = sourcecode.swift; path = TaskStore.swift; sourceTree = "<group>"; };
		48AD792F2BF0D4C4004C7AAD /* CategoryCardView.swift */ = {isa = PBXFileReference; lastKnownFileType = sourcecode.swift; path = CategoryCardView.swift; sourceTree = "<group>"; };
		48B52F3E2BF2E0950093A106 /* TaskList.swift */ = {isa = PBXFileReference; lastKnownFileType = sourcecode.swift; path = TaskList.swift; sourceTree = "<group>"; };
/* End PBXFileReference section */

/* Begin PBXFrameworksBuildPhase section */
		4857C43D2BE166590051981F /* Frameworks */ = {
			isa = PBXFrameworksBuildPhase;
			buildActionMask = 2147483647;
			files = (
			);
			runOnlyForDeploymentPostprocessing = 0;
		};
		4857C44D2BE1665B0051981F /* Frameworks */ = {
			isa = PBXFrameworksBuildPhase;
			buildActionMask = 2147483647;
			files = (
			);
			runOnlyForDeploymentPostprocessing = 0;
		};
		4857C4572BE1665B0051981F /* Frameworks */ = {
			isa = PBXFrameworksBuildPhase;
			buildActionMask = 2147483647;
			files = (
			);
			runOnlyForDeploymentPostprocessing = 0;
		};
/* End PBXFrameworksBuildPhase section */

/* Begin PBXGroup section */
		4857C4372BE166590051981F = {
			isa = PBXGroup;
			children = (
				4857C4422BE166590051981F /* TaskList */,
				4857C4532BE1665B0051981F /* TaskListTests */,
				4857C45D2BE1665B0051981F /* TaskListUITests */,
				4857C4412BE166590051981F /* Products */,
			);
			sourceTree = "<group>";
		};
		4857C4412BE166590051981F /* Products */ = {
			isa = PBXGroup;
			children = (
				4857C4402BE166590051981F /* TaskList.app */,
				4857C4502BE1665B0051981F /* TaskListTests.xctest */,
				4857C45A2BE1665B0051981F /* TaskListUITests.xctest */,
			);
			name = Products;
			sourceTree = "<group>";
		};
		4857C4422BE166590051981F /* TaskList */ = {
			isa = PBXGroup;
			children = (
				48AD792E2BF0D479004C7AAD /* Grid */,
				4857C4452BE166590051981F /* ContentView.swift */,
				4857C4432BE166590051981F /* TaskListApp.swift */,
				48AD792D2BF0D43B004C7AAD /* Task */,
				48AD792C2BF0D418004C7AAD /* TabViews */,
				4857C4472BE1665B0051981F /* Assets.xcassets */,
				4857C4492BE1665B0051981F /* Preview Content */,
				4809DC722BF641F000EDB2A5 /* SearchBar.swift */,
			);
			path = TaskList;
			sourceTree = "<group>";
		};
		4857C4492BE1665B0051981F /* Preview Content */ = {
			isa = PBXGroup;
			children = (
				4857C44A2BE1665B0051981F /* Preview Assets.xcassets */,
			);
			path = "Preview Content";
			sourceTree = "<group>";
		};
		4857C4532BE1665B0051981F /* TaskListTests */ = {
			isa = PBXGroup;
			children = (
				4857C4542BE1665B0051981F /* TaskListTests.swift */,
			);
			path = TaskListTests;
			sourceTree = "<group>";
		};
		4857C45D2BE1665B0051981F /* TaskListUITests */ = {
			isa = PBXGroup;
			children = (
				4857C45E2BE1665B0051981F /* TaskListUITests.swift */,
				4857C4602BE1665B0051981F /* TaskListUITestsLaunchTests.swift */,
			);
			path = TaskListUITests;
			sourceTree = "<group>";
		};
		48AD792C2BF0D418004C7AAD /* TabViews */ = {
			isa = PBXGroup;
			children = (
				483156EC2BEE305600120D73 /* CompletedTab.swift */,
				483156EE2BEF58E900120D73 /* AllTab.swift */,
				483156EA2BEE1D3000120D73 /* IncompleteTab.swift */,
			);
			path = TabViews;
			sourceTree = "<group>";
		};
		48AD792D2BF0D43B004C7AAD /* Task */ = {
			isa = PBXGroup;
			children = (
				4857C46D2BE1683E0051981F /* AddTaskMenu.swift */,
				48B52F3E2BF2E0950093A106 /* TaskList.swift */,
				4857C4712BE168840051981F /* TaskDetail.swift */,
				4857C46F2BE168730051981F /* Task.swift */,
				4857C4752BE1B2600051981F /* TaskStore.swift */,
			);
			path = Task;
			sourceTree = "<group>";
		};
		48AD792E2BF0D479004C7AAD /* Grid */ = {
			isa = PBXGroup;
			children = (
				48AD792F2BF0D4C4004C7AAD /* CategoryCardView.swift */,
				483156F02BEF5E0800120D73 /* GridView.swift */,
			);
			path = Grid;
			sourceTree = "<group>";
		};
/* End PBXGroup section */

/* Begin PBXNativeTarget section */
		4857C43F2BE166590051981F /* TaskList */ = {
			isa = PBXNativeTarget;
			buildConfigurationList = 4857C4642BE1665B0051981F /* Build configuration list for PBXNativeTarget "TaskList" */;
			buildPhases = (
				4857C43C2BE166590051981F /* Sources */,
				4857C43D2BE166590051981F /* Frameworks */,
				4857C43E2BE166590051981F /* Resources */,
			);
			buildRules = (
			);
			dependencies = (
			);
			name = TaskList;
			productName = TaskList;
			productReference = 4857C4402BE166590051981F /* TaskList.app */;
			productType = "com.apple.product-type.application";
		};
		4857C44F2BE1665B0051981F /* TaskListTests */ = {
			isa = PBXNativeTarget;
			buildConfigurationList = 4857C4672BE1665B0051981F /* Build configuration list for PBXNativeTarget "TaskListTests" */;
			buildPhases = (
				4857C44C2BE1665B0051981F /* Sources */,
				4857C44D2BE1665B0051981F /* Frameworks */,
				4857C44E2BE1665B0051981F /* Resources */,
			);
			buildRules = (
			);
			dependencies = (
				4857C4522BE1665B0051981F /* PBXTargetDependency */,
			);
			name = TaskListTests;
			productName = TaskListTests;
			productReference = 4857C4502BE1665B0051981F /* TaskListTests.xctest */;
			productType = "com.apple.product-type.bundle.unit-test";
		};
		4857C4592BE1665B0051981F /* TaskListUITests */ = {
			isa = PBXNativeTarget;
			buildConfigurationList = 4857C46A2BE1665B0051981F /* Build configuration list for PBXNativeTarget "TaskListUITests" */;
			buildPhases = (
				4857C4562BE1665B0051981F /* Sources */,
				4857C4572BE1665B0051981F /* Frameworks */,
				4857C4582BE1665B0051981F /* Resources */,
			);
			buildRules = (
			);
			dependencies = (
				4857C45C2BE1665B0051981F /* PBXTargetDependency */,
			);
			name = TaskListUITests;
			productName = TaskListUITests;
			productReference = 4857C45A2BE1665B0051981F /* TaskListUITests.xctest */;
			productType = "com.apple.product-type.bundle.ui-testing";
		};
/* End PBXNativeTarget section */

/* Begin PBXProject section */
		4857C4382BE166590051981F /* Project object */ = {
			isa = PBXProject;
			attributes = {
				BuildIndependentTargetsInParallel = 1;
				LastSwiftUpdateCheck = 1530;
				LastUpgradeCheck = 1530;
				TargetAttributes = {
					4857C43F2BE166590051981F = {
						CreatedOnToolsVersion = 15.3;
					};
					4857C44F2BE1665B0051981F = {
						CreatedOnToolsVersion = 15.3;
						TestTargetID = 4857C43F2BE166590051981F;
					};
					4857C4592BE1665B0051981F = {
						CreatedOnToolsVersion = 15.3;
						TestTargetID = 4857C43F2BE166590051981F;
					};
				};
			};
			buildConfigurationList = 4857C43B2BE166590051981F /* Build configuration list for PBXProject "TaskList" */;
			compatibilityVersion = "Xcode 14.0";
			developmentRegion = en;
			hasScannedForEncodings = 0;
			knownRegions = (
				en,
				Base,
			);
			mainGroup = 4857C4372BE166590051981F;
			productRefGroup = 4857C4412BE166590051981F /* Products */;
			projectDirPath = "";
			projectRoot = "";
			targets = (
				4857C43F2BE166590051981F /* TaskList */,
				4857C44F2BE1665B0051981F /* TaskListTests */,
				4857C4592BE1665B0051981F /* TaskListUITests */,
			);
		};
/* End PBXProject section */

/* Begin PBXResourcesBuildPhase section */
		4857C43E2BE166590051981F /* Resources */ = {
			isa = PBXResourcesBuildPhase;
			buildActionMask = 2147483647;
			files = (
				4857C44B2BE1665B0051981F /* Preview Assets.xcassets in Resources */,
				4857C4482BE1665B0051981F /* Assets.xcassets in Resources */,
			);
			runOnlyForDeploymentPostprocessing = 0;
		};
		4857C44E2BE1665B0051981F /* Resources */ = {
			isa = PBXResourcesBuildPhase;
			buildActionMask = 2147483647;
			files = (
			);
			runOnlyForDeploymentPostprocessing = 0;
		};
		4857C4582BE1665B0051981F /* Resources */ = {
			isa = PBXResourcesBuildPhase;
			buildActionMask = 2147483647;
			files = (
			);
			runOnlyForDeploymentPostprocessing = 0;
		};
/* End PBXResourcesBuildPhase section */

/* Begin PBXSourcesBuildPhase section */
		4857C43C2BE166590051981F /* Sources */ = {
			isa = PBXSourcesBuildPhase;
			buildActionMask = 2147483647;
			files = (
				483156EB2BEE1D3000120D73 /* IncompleteTab.swift in Sources */,
				4857C4702BE168730051981F /* Task.swift in Sources */,
				4857C4722BE168840051981F /* TaskDetail.swift in Sources */,
				4857C4462BE166590051981F /* ContentView.swift in Sources */,
				4809DC732BF641F000EDB2A5 /* SearchBar.swift in Sources */,
				48AD79302BF0D4C4004C7AAD /* CategoryCardView.swift in Sources */,
				48B52F3F2BF2E0950093A106 /* TaskList.swift in Sources */,
				483156F12BEF5E0800120D73 /* GridView.swift in Sources */,
				4857C46E2BE1683E0051981F /* AddTaskMenu.swift in Sources */,
				483156EF2BEF58E900120D73 /* AllTab.swift in Sources */,
				4857C4442BE166590051981F /* TaskListApp.swift in Sources */,
				4857C4762BE1B2600051981F /* TaskStore.swift in Sources */,
				483156ED2BEE305600120D73 /* CompletedTab.swift in Sources */,
			);
			runOnlyForDeploymentPostprocessing = 0;
		};
		4857C44C2BE1665B0051981F /* Sources */ = {
			isa = PBXSourcesBuildPhase;
			buildActionMask = 2147483647;
			files = (
				4857C4552BE1665B0051981F /* TaskListTests.swift in Sources */,
			);
			runOnlyForDeploymentPostprocessing = 0;
		};
		4857C4562BE1665B0051981F /* Sources */ = {
			isa = PBXSourcesBuildPhase;
			buildActionMask = 2147483647;
			files = (
				4857C4612BE1665B0051981F /* TaskListUITestsLaunchTests.swift in Sources */,
				4857C45F2BE1665B0051981F /* TaskListUITests.swift in Sources */,
			);
			runOnlyForDeploymentPostprocessing = 0;
		};
/* End PBXSourcesBuildPhase section */

/* Begin PBXTargetDependency section */
		4857C4522BE1665B0051981F /* PBXTargetDependency */ = {
			isa = PBXTargetDependency;
			target = 4857C43F2BE166590051981F /* TaskList */;
			targetProxy = 4857C4512BE1665B0051981F /* PBXContainerItemProxy */;
		};
		4857C45C2BE1665B0051981F /* PBXTargetDependency */ = {
			isa = PBXTargetDependency;
			target = 4857C43F2BE166590051981F /* TaskList */;
			targetProxy = 4857C45B2BE1665B0051981F /* PBXContainerItemProxy */;
		};
/* End PBXTargetDependency section */

/* Begin XCBuildConfiguration section */
		4857C4622BE1665B0051981F /* Debug */ = {
			isa = XCBuildConfiguration;
			buildSettings = {
				ALWAYS_SEARCH_USER_PATHS = NO;
				ASSETCATALOG_COMPILER_GENERATE_SWIFT_ASSET_SYMBOL_EXTENSIONS = YES;
				CLANG_ANALYZER_NONNULL = YES;
				CLANG_ANALYZER_NUMBER_OBJECT_CONVERSION = YES_AGGRESSIVE;
				CLANG_CXX_LANGUAGE_STANDARD = "gnu++20";
				CLANG_ENABLE_MODULES = YES;
				CLANG_ENABLE_OBJC_ARC = YES;
				CLANG_ENABLE_OBJC_WEAK = YES;
				CLANG_WARN_BLOCK_CAPTURE_AUTORELEASING = YES;
				CLANG_WARN_BOOL_CONVERSION = YES;
				CLANG_WARN_COMMA = YES;
				CLANG_WARN_CONSTANT_CONVERSION = YES;
				CLANG_WARN_DEPRECATED_OBJC_IMPLEMENTATIONS = YES;
				CLANG_WARN_DIRECT_OBJC_ISA_USAGE = YES_ERROR;
				CLANG_WARN_DOCUMENTATION_COMMENTS = YES;
				CLANG_WARN_EMPTY_BODY = YES;
				CLANG_WARN_ENUM_CONVERSION = YES;
				CLANG_WARN_INFINITE_RECURSION = YES;
				CLANG_WARN_INT_CONVERSION = YES;
				CLANG_WARN_NON_LITERAL_NULL_CONVERSION = YES;
				CLANG_WARN_OBJC_IMPLICIT_RETAIN_SELF = YES;
				CLANG_WARN_OBJC_LITERAL_CONVERSION = YES;
				CLANG_WARN_OBJC_ROOT_CLASS = YES_ERROR;
				CLANG_WARN_QUOTED_INCLUDE_IN_FRAMEWORK_HEADER = YES;
				CLANG_WARN_RANGE_LOOP_ANALYSIS = YES;
				CLANG_WARN_STRICT_PROTOTYPES = YES;
				CLANG_WARN_SUSPICIOUS_MOVE = YES;
				CLANG_WARN_UNGUARDED_AVAILABILITY = YES_AGGRESSIVE;
				CLANG_WARN_UNREACHABLE_CODE = YES;
				CLANG_WARN__DUPLICATE_METHOD_MATCH = YES;
				COPY_PHASE_STRIP = NO;
				DEBUG_INFORMATION_FORMAT = dwarf;
				ENABLE_STRICT_OBJC_MSGSEND = YES;
				ENABLE_TESTABILITY = YES;
				ENABLE_USER_SCRIPT_SANDBOXING = YES;
				GCC_C_LANGUAGE_STANDARD = gnu17;
				GCC_DYNAMIC_NO_PIC = NO;
				GCC_NO_COMMON_BLOCKS = YES;
				GCC_OPTIMIZATION_LEVEL = 0;
				GCC_PREPROCESSOR_DEFINITIONS = (
					"DEBUG=1",
					"$(inherited)",
				);
				GCC_WARN_64_TO_32_BIT_CONVERSION = YES;
				GCC_WARN_ABOUT_RETURN_TYPE = YES_ERROR;
				GCC_WARN_UNDECLARED_SELECTOR = YES;
				GCC_WARN_UNINITIALIZED_AUTOS = YES_AGGRESSIVE;
				GCC_WARN_UNUSED_FUNCTION = YES;
				GCC_WARN_UNUSED_VARIABLE = YES;
				IPHONEOS_DEPLOYMENT_TARGET = 17.4;
				LOCALIZATION_PREFERS_STRING_CATALOGS = YES;
				MTL_ENABLE_DEBUG_INFO = INCLUDE_SOURCE;
				MTL_FAST_MATH = YES;
				ONLY_ACTIVE_ARCH = YES;
				SDKROOT = iphoneos;
				SWIFT_ACTIVE_COMPILATION_CONDITIONS = "DEBUG $(inherited)";
				SWIFT_OPTIMIZATION_LEVEL = "-Onone";
			};
			name = Debug;
		};
		4857C4632BE1665B0051981F /* Release */ = {
			isa = XCBuildConfiguration;
			buildSettings = {
				ALWAYS_SEARCH_USER_PATHS = NO;
				ASSETCATALOG_COMPILER_GENERATE_SWIFT_ASSET_SYMBOL_EXTENSIONS = YES;
				CLANG_ANALYZER_NONNULL = YES;
				CLANG_ANALYZER_NUMBER_OBJECT_CONVERSION = YES_AGGRESSIVE;
				CLANG_CXX_LANGUAGE_STANDARD = "gnu++20";
				CLANG_ENABLE_MODULES = YES;
				CLANG_ENABLE_OBJC_ARC = YES;
				CLANG_ENABLE_OBJC_WEAK = YES;
				CLANG_WARN_BLOCK_CAPTURE_AUTORELEASING = YES;
				CLANG_WARN_BOOL_CONVERSION = YES;
				CLANG_WARN_COMMA = YES;
				CLANG_WARN_CONSTANT_CONVERSION = YES;
				CLANG_WARN_DEPRECATED_OBJC_IMPLEMENTATIONS = YES;
				CLANG_WARN_DIRECT_OBJC_ISA_USAGE = YES_ERROR;
				CLANG_WARN_DOCUMENTATION_COMMENTS = YES;
				CLANG_WARN_EMPTY_BODY = YES;
				CLANG_WARN_ENUM_CONVERSION = YES;
				CLANG_WARN_INFINITE_RECURSION = YES;
				CLANG_WARN_INT_CONVERSION = YES;
				CLANG_WARN_NON_LITERAL_NULL_CONVERSION = YES;
				CLANG_WARN_OBJC_IMPLICIT_RETAIN_SELF = YES;
				CLANG_WARN_OBJC_LITERAL_CONVERSION = YES;
				CLANG_WARN_OBJC_ROOT_CLASS = YES_ERROR;
				CLANG_WARN_QUOTED_INCLUDE_IN_FRAMEWORK_HEADER = YES;
				CLANG_WARN_RANGE_LOOP_ANALYSIS = YES;
				CLANG_WARN_STRICT_PROTOTYPES = YES;
				CLANG_WARN_SUSPICIOUS_MOVE = YES;
				CLANG_WARN_UNGUARDED_AVAILABILITY = YES_AGGRESSIVE;
				CLANG_WARN_UNREACHABLE_CODE = YES;
				CLANG_WARN__DUPLICATE_METHOD_MATCH = YES;
				COPY_PHASE_STRIP = NO;
				DEBUG_INFORMATION_FORMAT = "dwarf-with-dsym";
				ENABLE_NS_ASSERTIONS = NO;
				ENABLE_STRICT_OBJC_MSGSEND = YES;
				ENABLE_USER_SCRIPT_SANDBOXING = YES;
				GCC_C_LANGUAGE_STANDARD = gnu17;
				GCC_NO_COMMON_BLOCKS = YES;
				GCC_WARN_64_TO_32_BIT_CONVERSION = YES;
				GCC_WARN_ABOUT_RETURN_TYPE = YES_ERROR;
				GCC_WARN_UNDECLARED_SELECTOR = YES;
				GCC_WARN_UNINITIALIZED_AUTOS = YES_AGGRESSIVE;
				GCC_WARN_UNUSED_FUNCTION = YES;
				GCC_WARN_UNUSED_VARIABLE = YES;
				IPHONEOS_DEPLOYMENT_TARGET = 17.4;
				LOCALIZATION_PREFERS_STRING_CATALOGS = YES;
				MTL_ENABLE_DEBUG_INFO = NO;
				MTL_FAST_MATH = YES;
				SDKROOT = iphoneos;
				SWIFT_COMPILATION_MODE = wholemodule;
				VALIDATE_PRODUCT = YES;
			};
			name = Release;
		};
		4857C4652BE1665B0051981F /* Debug */ = {
			isa = XCBuildConfiguration;
			buildSettings = {
				ASSETCATALOG_COMPILER_APPICON_NAME = AppIcon;
				ASSETCATALOG_COMPILER_GLOBAL_ACCENT_COLOR_NAME = AccentColor;
				CODE_SIGN_STYLE = Automatic;
				CURRENT_PROJECT_VERSION = 1;
				DEVELOPMENT_ASSET_PATHS = "\"TaskList/Preview Content\"";
				DEVELOPMENT_TEAM = C3DPLJJZYG;
				ENABLE_PREVIEWS = YES;
				GENERATE_INFOPLIST_FILE = YES;
				INFOPLIST_KEY_UIApplicationSceneManifest_Generation = YES;
				INFOPLIST_KEY_UIApplicationSupportsIndirectInputEvents = YES;
				INFOPLIST_KEY_UILaunchScreen_Generation = YES;
				INFOPLIST_KEY_UISupportedInterfaceOrientations_iPad = "UIInterfaceOrientationPortrait UIInterfaceOrientationPortraitUpsideDown UIInterfaceOrientationLandscapeLeft UIInterfaceOrientationLandscapeRight";
				INFOPLIST_KEY_UISupportedInterfaceOrientations_iPhone = "UIInterfaceOrientationPortrait UIInterfaceOrientationLandscapeLeft UIInterfaceOrientationLandscapeRight";
				LD_RUNPATH_SEARCH_PATHS = (
					"$(inherited)",
					"@executable_path/Frameworks",
				);
				MARKETING_VERSION = 1.0;
				PRODUCT_BUNDLE_IDENTIFIER = com.nickr.TaskList;
				PRODUCT_NAME = "$(TARGET_NAME)";
				SWIFT_EMIT_LOC_STRINGS = YES;
				SWIFT_VERSION = 5.0;
				TARGETED_DEVICE_FAMILY = "1,2";
			};
			name = Debug;
		};
		4857C4662BE1665B0051981F /* Release */ = {
			isa = XCBuildConfiguration;
			buildSettings = {
				ASSETCATALOG_COMPILER_APPICON_NAME = AppIcon;
				ASSETCATALOG_COMPILER_GLOBAL_ACCENT_COLOR_NAME = AccentColor;
				CODE_SIGN_STYLE = Automatic;
				CURRENT_PROJECT_VERSION = 1;
				DEVELOPMENT_ASSET_PATHS = "\"TaskList/Preview Content\"";
				DEVELOPMENT_TEAM = C3DPLJJZYG;
				ENABLE_PREVIEWS = YES;
				GENERATE_INFOPLIST_FILE = YES;
				INFOPLIST_KEY_UIApplicationSceneManifest_Generation = YES;
				INFOPLIST_KEY_UIApplicationSupportsIndirectInputEvents = YES;
				INFOPLIST_KEY_UILaunchScreen_Generation = YES;
				INFOPLIST_KEY_UISupportedInterfaceOrientations_iPad = "UIInterfaceOrientationPortrait UIInterfaceOrientationPortraitUpsideDown UIInterfaceOrientationLandscapeLeft UIInterfaceOrientationLandscapeRight";
				INFOPLIST_KEY_UISupportedInterfaceOrientations_iPhone = "UIInterfaceOrientationPortrait UIInterfaceOrientationLandscapeLeft UIInterfaceOrientationLandscapeRight";
				LD_RUNPATH_SEARCH_PATHS = (
					"$(inherited)",
					"@executable_path/Frameworks",
				);
				MARKETING_VERSION = 1.0;
				PRODUCT_BUNDLE_IDENTIFIER = com.nickr.TaskList;
				PRODUCT_NAME = "$(TARGET_NAME)";
				SWIFT_EMIT_LOC_STRINGS = YES;
				SWIFT_VERSION = 5.0;
				TARGETED_DEVICE_FAMILY = "1,2";
			};
			name = Release;
		};
		4857C4682BE1665B0051981F /* Debug */ = {
			isa = XCBuildConfiguration;
			buildSettings = {
				ALWAYS_EMBED_SWIFT_STANDARD_LIBRARIES = YES;
				BUNDLE_LOADER = "$(TEST_HOST)";
				CODE_SIGN_STYLE = Automatic;
				CURRENT_PROJECT_VERSION = 1;
				GENERATE_INFOPLIST_FILE = YES;
				IPHONEOS_DEPLOYMENT_TARGET = 17.4;
				MARKETING_VERSION = 1.0;
				PRODUCT_BUNDLE_IDENTIFIER = com.nickr.TaskListTests;
				PRODUCT_NAME = "$(TARGET_NAME)";
				SWIFT_EMIT_LOC_STRINGS = NO;
				SWIFT_VERSION = 5.0;
				TARGETED_DEVICE_FAMILY = "1,2";
				TEST_HOST = "$(BUILT_PRODUCTS_DIR)/TaskList.app/$(BUNDLE_EXECUTABLE_FOLDER_PATH)/TaskList";
			};
			name = Debug;
		};
		4857C4692BE1665B0051981F /* Release */ = {
			isa = XCBuildConfiguration;
			buildSettings = {
				ALWAYS_EMBED_SWIFT_STANDARD_LIBRARIES = YES;
				BUNDLE_LOADER = "$(TEST_HOST)";
				CODE_SIGN_STYLE = Automatic;
				CURRENT_PROJECT_VERSION = 1;
				GENERATE_INFOPLIST_FILE = YES;
				IPHONEOS_DEPLOYMENT_TARGET = 17.4;
				MARKETING_VERSION = 1.0;
				PRODUCT_BUNDLE_IDENTIFIER = com.nickr.TaskListTests;
				PRODUCT_NAME = "$(TARGET_NAME)";
				SWIFT_EMIT_LOC_STRINGS = NO;
				SWIFT_VERSION = 5.0;
				TARGETED_DEVICE_FAMILY = "1,2";
				TEST_HOST = "$(BUILT_PRODUCTS_DIR)/TaskList.app/$(BUNDLE_EXECUTABLE_FOLDER_PATH)/TaskList";
			};
			name = Release;
		};
		4857C46B2BE1665B0051981F /* Debug */ = {
			isa = XCBuildConfiguration;
			buildSettings = {
				ALWAYS_EMBED_SWIFT_STANDARD_LIBRARIES = YES;
				CODE_SIGN_STYLE = Automatic;
				CURRENT_PROJECT_VERSION = 1;
				GENERATE_INFOPLIST_FILE = YES;
				MARKETING_VERSION = 1.0;
				PRODUCT_BUNDLE_IDENTIFIER = com.nickr.TaskListUITests;
				PRODUCT_NAME = "$(TARGET_NAME)";
				SWIFT_EMIT_LOC_STRINGS = NO;
				SWIFT_VERSION = 5.0;
				TARGETED_DEVICE_FAMILY = "1,2";
				TEST_TARGET_NAME = TaskList;
			};
			name = Debug;
		};
		4857C46C2BE1665B0051981F /* Release */ = {
			isa = XCBuildConfiguration;
			buildSettings = {
				ALWAYS_EMBED_SWIFT_STANDARD_LIBRARIES = YES;
				CODE_SIGN_STYLE = Automatic;
				CURRENT_PROJECT_VERSION = 1;
				GENERATE_INFOPLIST_FILE = YES;
				MARKETING_VERSION = 1.0;
				PRODUCT_BUNDLE_IDENTIFIER = com.nickr.TaskListUITests;
				PRODUCT_NAME = "$(TARGET_NAME)";
				SWIFT_EMIT_LOC_STRINGS = NO;
				SWIFT_VERSION = 5.0;
				TARGETED_DEVICE_FAMILY = "1,2";
				TEST_TARGET_NAME = TaskList;
			};
			name = Release;
		};
/* End XCBuildConfiguration section */

/* Begin XCConfigurationList section */
		4857C43B2BE166590051981F /* Build configuration list for PBXProject "TaskList" */ = {
			isa = XCConfigurationList;
			buildConfigurations = (
				4857C4622BE1665B0051981F /* Debug */,
				4857C4632BE1665B0051981F /* Release */,
			);
			defaultConfigurationIsVisible = 0;
			defaultConfigurationName = Release;
		};
		4857C4642BE1665B0051981F /* Build configuration list for PBXNativeTarget "TaskList" */ = {
			isa = XCConfigurationList;
			buildConfigurations = (
				4857C4652BE1665B0051981F /* Debug */,
				4857C4662BE1665B0051981F /* Release */,
			);
			defaultConfigurationIsVisible = 0;
			defaultConfigurationName = Release;
		};
		4857C4672BE1665B0051981F /* Build configuration list for PBXNativeTarget "TaskListTests" */ = {
			isa = XCConfigurationList;
			buildConfigurations = (
				4857C4682BE1665B0051981F /* Debug */,
				4857C4692BE1665B0051981F /* Release */,
			);
			defaultConfigurationIsVisible = 0;
			defaultConfigurationName = Release;
		};
		4857C46A2BE1665B0051981F /* Build configuration list for PBXNativeTarget "TaskListUITests" */ = {
			isa = XCConfigurationList;
			buildConfigurations = (
				4857C46B2BE1665B0051981F /* Debug */,
				4857C46C2BE1665B0051981F /* Release */,
			);
			defaultConfigurationIsVisible = 0;
			defaultConfigurationName = Release;
		};
/* End XCConfigurationList section */
	};
	rootObject = 4857C4382BE166590051981F /* Project object */;
}
